
Microsoft Visual Studio Solution File, Format Version 12.00
# Visual Studio 15
VisualStudioVersion = 15.0.27703.2042
MinimumVisualStudioVersion = 10.0.40219.1
Project("{FAE04EC0-301F-11D3-BF4B-00C04F79EFBC}") = "MiniBinception", "MiniBinception\MiniBinception.csproj", "{0A45E8D0-6C30-4510-8A32-D78FA8A391BF}"
EndProject
Global
	GlobalSection(SolutionConfigurationPlatforms) = preSolution
		Debug|Any CPU = Debug|Any CPU
		Release|Any CPU = Release|Any CPU
	EndGlobalSection
	GlobalSection(ProjectConfigurationPlatforms) = postSolution
		{0A45E8D0-6C30-4510-8A32-D78FA8A391BF}.Debug|Any CPU.ActiveCfg = Debug|Any CPU
		{0A45E8D0-6C30-4510-8A32-D78FA8A391BF}.Debug|Any CPU.Build.0 = Debug|Any CPU
		{0A45E8D0-6C30-4510-8A32-D78FA8A391BF}.Release|Any CPU.ActiveCfg = Release|Any CPU
		{0A45E8D0-6C30-4510-8A32-D78FA8A391BF}.Release|Any CPU.Build.0 = Release|Any CPU
	EndGlobalSection
	GlobalSection(SolutionProperties) = preSolution
		HideSolutionNode = FALSE
	EndGlobalSection
	GlobalSection(ExtensibilityGlobals) = postSolution
		SolutionGuid = {5FEAD8C0-E7CB-4E71-9FAA-FFA013FBCD16}
	EndGlobalSection
EndGlobal
